// !$*UTF8*$!
{
	archiveVersion = 1;
	classes = {
	};
	objectVersion = 46;
	objects = {

/* Begin PBXBuildFile section */
		050B00EF1E91AA4B007A94E4 /* AppDelegate.swift in Sources */ = {isa = PBXBuildFile; fileRef = 050B00C91E91AA4B007A94E4 /* AppDelegate.swift */; };
		050B00F01E91AA4B007A94E4 /* Assets.xcassets in Resources */ = {isa = PBXBuildFile; fileRef = 050B00CA1E91AA4B007A94E4 /* Assets.xcassets */; };
		050B00F11E91AA4B007A94E4 /* Main.storyboard in Resources */ = {isa = PBXBuildFile; fileRef = 050B00CB1E91AA4B007A94E4 /* Main.storyboard */; };
		050B00F21E91AA4B007A94E4 /* Dictionary+HTTPParameters.swift in Sources */ = {isa = PBXBuildFile; fileRef = 050B00CE1E91AA4B007A94E4 /* Dictionary+HTTPParameters.swift */; };
		050B00F31E91AA4B007A94E4 /* FLPhoto+URLForPhoto.swift in Sources */ = {isa = PBXBuildFile; fileRef = 050B00CF1E91AA4B007A94E4 /* FLPhoto+URLForPhoto.swift */; };
		050B00F41E91AA4B007A94E4 /* String+PercentEncoding.swift in Sources */ = {isa = PBXBuildFile; fileRef = 050B00D01E91AA4B007A94E4 /* String+PercentEncoding.swift */; };
		050B00F51E91AA4B007A94E4 /* UIAlertController+NetworkingErrors.swift in Sources */ = {isa = PBXBuildFile; fileRef = 050B00D11E91AA4B007A94E4 /* UIAlertController+NetworkingErrors.swift */; };
		050B00F61E91AA4B007A94E4 /* FlickrViewer.xcdatamodeld in Sources */ = {isa = PBXBuildFile; fileRef = 050B00D51E91AA4B007A94E4 /* FlickrViewer.xcdatamodeld */; };
		050B00F71E91AA4B007A94E4 /* FLCoreDataManager.swift in Sources */ = {isa = PBXBuildFile; fileRef = 050B00D81E91AA4B007A94E4 /* FLCoreDataManager.swift */; };
		050B00F81E91AA4B007A94E4 /* FLCoreDataStack.swift in Sources */ = {isa = PBXBuildFile; fileRef = 050B00D91E91AA4B007A94E4 /* FLCoreDataStack.swift */; };
		050B00F91E91AA4B007A94E4 /* FLUserDefaultsManager.swift in Sources */ = {isa = PBXBuildFile; fileRef = 050B00DB1E91AA4B007A94E4 /* FLUserDefaultsManager.swift */; };
		050B00FB1E91AA4B007A94E4 /* LaunchScreen.storyboard in Resources */ = {isa = PBXBuildFile; fileRef = 050B00DD1E91AA4B007A94E4 /* LaunchScreen.storyboard */; };
		050B00FC1E91AA4B007A94E4 /* FLPhotosManager.swift in Sources */ = {isa = PBXBuildFile; fileRef = 050B00E01E91AA4B007A94E4 /* FLPhotosManager.swift */; };
		050B00FD1E91AA4B007A94E4 /* FLPhoto.swift in Sources */ = {isa = PBXBuildFile; fileRef = 050B00E21E91AA4B007A94E4 /* FLPhoto.swift */; };
		050B00FE1E91AA4B007A94E4 /* FLPhotosList.swift in Sources */ = {isa = PBXBuildFile; fileRef = 050B00E31E91AA4B007A94E4 /* FLPhotosList.swift */; };
		050B00FF1E91AA4B007A94E4 /* FLPhotosResult.swift in Sources */ = {isa = PBXBuildFile; fileRef = 050B00E41E91AA4B007A94E4 /* FLPhotosResult.swift */; };
		050B01001E91AA4B007A94E4 /* FlickrPhotoTableViewCell+ConfigureForFLPhoto.swift in Sources */ = {isa = PBXBuildFile; fileRef = 050B00E71E91AA4B007A94E4 /* FlickrPhotoTableViewCell+ConfigureForFLPhoto.swift */; };
		050B01011E91AA4B007A94E4 /* UserPhotoTableViewCell+ConfigureForFLPhoto.swift in Sources */ = {isa = PBXBuildFile; fileRef = 050B00E81E91AA4B007A94E4 /* UserPhotoTableViewCell+ConfigureForFLPhoto.swift */; };
		050B01021E91AA4B007A94E4 /* HomeSearchTableViewController.swift in Sources */ = {isa = PBXBuildFile; fileRef = 050B00EA1E91AA4B007A94E4 /* HomeSearchTableViewController.swift */; };
		050B01031E91AA4B007A94E4 /* UserPhotosTableViewController.swift in Sources */ = {isa = PBXBuildFile; fileRef = 050B00EB1E91AA4B007A94E4 /* UserPhotosTableViewController.swift */; };
		050B01041E91AA4B007A94E4 /* FlickrPhotoTableViewCell.swift in Sources */ = {isa = PBXBuildFile; fileRef = 050B00ED1E91AA4B007A94E4 /* FlickrPhotoTableViewCell.swift */; };
		050B01051E91AA4B007A94E4 /* UserPhotoTableViewCell.swift in Sources */ = {isa = PBXBuildFile; fileRef = 050B00EE1E91AA4B007A94E4 /* UserPhotoTableViewCell.swift */; };
		0521CCE61E8F991E00322943 /* Default-568h@2x.png in Resources */ = {isa = PBXBuildFile; fileRef = 0521CCE51E8F991E00322943 /* Default-568h@2x.png */; };
		49DCE99D4DBA3DB14895BA39 /* Pods_FlickrViewer.framework in Frameworks */ = {isa = PBXBuildFile; fileRef = 54090C4033F6E0081A3DF749 /* Pods_FlickrViewer.framework */; };
/* End PBXBuildFile section */

/* Begin PBXFileReference section */
		050B00C91E91AA4B007A94E4 /* AppDelegate.swift */ = {isa = PBXFileReference; fileEncoding = 4; lastKnownFileType = sourcecode.swift; path = AppDelegate.swift; sourceTree = "<group>"; };
		050B00CA1E91AA4B007A94E4 /* Assets.xcassets */ = {isa = PBXFileReference; lastKnownFileType = folder.assetcatalog; path = Assets.xcassets; sourceTree = "<group>"; };
		050B00CC1E91AA4B007A94E4 /* Base */ = {isa = PBXFileReference; lastKnownFileType = file.storyboard; name = Base; path = Base.lproj/Main.storyboard; sourceTree = "<group>"; };
		050B00CE1E91AA4B007A94E4 /* Dictionary+HTTPParameters.swift */ = {isa = PBXFileReference; fileEncoding = 4; lastKnownFileType = sourcecode.swift; path = "Dictionary+HTTPParameters.swift"; sourceTree = "<group>"; };
		050B00CF1E91AA4B007A94E4 /* FLPhoto+URLForPhoto.swift */ = {isa = PBXFileReference; fileEncoding = 4; lastKnownFileType = sourcecode.swift; path = "FLPhoto+URLForPhoto.swift"; sourceTree = "<group>"; };
		050B00D01E91AA4B007A94E4 /* String+PercentEncoding.swift */ = {isa = PBXFileReference; fileEncoding = 4; lastKnownFileType = sourcecode.swift; path = "String+PercentEncoding.swift"; sourceTree = "<group>"; };
		050B00D11E91AA4B007A94E4 /* UIAlertController+NetworkingErrors.swift */ = {isa = PBXFileReference; fileEncoding = 4; lastKnownFileType = sourcecode.swift; path = "UIAlertController+NetworkingErrors.swift"; sourceTree = "<group>"; };
		050B00D61E91AA4B007A94E4 /* FlickrViewer.xcdatamodel */ = {isa = PBXFileReference; lastKnownFileType = wrapper.xcdatamodel; path = FlickrViewer.xcdatamodel; sourceTree = "<group>"; };
		050B00D81E91AA4B007A94E4 /* FLCoreDataManager.swift */ = {isa = PBXFileReference; fileEncoding = 4; lastKnownFileType = sourcecode.swift; path = FLCoreDataManager.swift; sourceTree = "<group>"; };
		050B00D91E91AA4B007A94E4 /* FLCoreDataStack.swift */ = {isa = PBXFileReference; fileEncoding = 4; lastKnownFileType = sourcecode.swift; path = FLCoreDataStack.swift; sourceTree = "<group>"; };
		050B00DB1E91AA4B007A94E4 /* FLUserDefaultsManager.swift */ = {isa = PBXFileReference; fileEncoding = 4; lastKnownFileType = sourcecode.swift; path = FLUserDefaultsManager.swift; sourceTree = "<group>"; };
		050B00DC1E91AA4B007A94E4 /* Info.plist */ = {isa = PBXFileReference; fileEncoding = 4; lastKnownFileType = text.plist.xml; path = Info.plist; sourceTree = "<group>"; };
		050B00DD1E91AA4B007A94E4 /* LaunchScreen.storyboard */ = {isa = PBXFileReference; fileEncoding = 4; lastKnownFileType = file.storyboard; path = LaunchScreen.storyboard; sourceTree = "<group>"; };
		050B00E01E91AA4B007A94E4 /* FLPhotosManager.swift */ = {isa = PBXFileReference; fileEncoding = 4; lastKnownFileType = sourcecode.swift; path = FLPhotosManager.swift; sourceTree = "<group>"; };
		050B00E21E91AA4B007A94E4 /* FLPhoto.swift */ = {isa = PBXFileReference; fileEncoding = 4; lastKnownFileType = sourcecode.swift; path = FLPhoto.swift; sourceTree = "<group>"; };
		050B00E31E91AA4B007A94E4 /* FLPhotosList.swift */ = {isa = PBXFileReference; fileEncoding = 4; lastKnownFileType = sourcecode.swift; path = FLPhotosList.swift; sourceTree = "<group>"; };
		050B00E41E91AA4B007A94E4 /* FLPhotosResult.swift */ = {isa = PBXFileReference; fileEncoding = 4; lastKnownFileType = sourcecode.swift; path = FLPhotosResult.swift; sourceTree = "<group>"; };
		050B00E71E91AA4B007A94E4 /* FlickrPhotoTableViewCell+ConfigureForFLPhoto.swift */ = {isa = PBXFileReference; fileEncoding = 4; lastKnownFileType = sourcecode.swift; path = "FlickrPhotoTableViewCell+ConfigureForFLPhoto.swift"; sourceTree = "<group>"; };
		050B00E81E91AA4B007A94E4 /* UserPhotoTableViewCell+ConfigureForFLPhoto.swift */ = {isa = PBXFileReference; fileEncoding = 4; lastKnownFileType = sourcecode.swift; path = "UserPhotoTableViewCell+ConfigureForFLPhoto.swift"; sourceTree = "<group>"; };
		050B00EA1E91AA4B007A94E4 /* HomeSearchTableViewController.swift */ = {isa = PBXFileReference; fileEncoding = 4; lastKnownFileType = sourcecode.swift; path = HomeSearchTableViewController.swift; sourceTree = "<group>"; };
		050B00EB1E91AA4B007A94E4 /* UserPhotosTableViewController.swift */ = {isa = PBXFileReference; fileEncoding = 4; lastKnownFileType = sourcecode.swift; path = UserPhotosTableViewController.swift; sourceTree = "<group>"; };
		050B00ED1E91AA4B007A94E4 /* FlickrPhotoTableViewCell.swift */ = {isa = PBXFileReference; fileEncoding = 4; lastKnownFileType = sourcecode.swift; path = FlickrPhotoTableViewCell.swift; sourceTree = "<group>"; };
		050B00EE1E91AA4B007A94E4 /* UserPhotoTableViewCell.swift */ = {isa = PBXFileReference; fileEncoding = 4; lastKnownFileType = sourcecode.swift; path = UserPhotoTableViewCell.swift; sourceTree = "<group>"; };
		0521CCE51E8F991E00322943 /* Default-568h@2x.png */ = {isa = PBXFileReference; lastKnownFileType = image.png; path = "Default-568h@2x.png"; sourceTree = "<group>"; };
		057775041E8AFD23004C8C87 /* FlickrViewer.app */ = {isa = PBXFileReference; explicitFileType = wrapper.application; includeInIndex = 0; path = FlickrViewer.app; sourceTree = BUILT_PRODUCTS_DIR; };
		54090C4033F6E0081A3DF749 /* Pods_FlickrViewer.framework */ = {isa = PBXFileReference; explicitFileType = wrapper.framework; includeInIndex = 0; path = Pods_FlickrViewer.framework; sourceTree = BUILT_PRODUCTS_DIR; };
		87C22780605DE2DFD2A5FC2B /* Pods-FlickrViewer.debug.xcconfig */ = {isa = PBXFileReference; includeInIndex = 1; lastKnownFileType = text.xcconfig; name = "Pods-FlickrViewer.debug.xcconfig"; path = "Pods/Target Support Files/Pods-FlickrViewer/Pods-FlickrViewer.debug.xcconfig"; sourceTree = "<group>"; };
		C8F6623EE8D58BDA84FE03AA /* Pods-FlickrViewer.release.xcconfig */ = {isa = PBXFileReference; includeInIndex = 1; lastKnownFileType = text.xcconfig; name = "Pods-FlickrViewer.release.xcconfig"; path = "Pods/Target Support Files/Pods-FlickrViewer/Pods-FlickrViewer.release.xcconfig"; sourceTree = "<group>"; };
/* End PBXFileReference section */

/* Begin PBXFrameworksBuildPhase section */
		057775011E8AFD23004C8C87 /* Frameworks */ = {
			isa = PBXFrameworksBuildPhase;
			buildActionMask = 2147483647;
			files = (
				49DCE99D4DBA3DB14895BA39 /* Pods_FlickrViewer.framework in Frameworks */,
			);
			runOnlyForDeploymentPostprocessing = 0;
		};
/* End PBXFrameworksBuildPhase section */

/* Begin PBXGroup section */
		050B00C81E91AA4B007A94E4 /* FlickrViewer */ = {
			isa = PBXGroup;
			children = (
				050B00C91E91AA4B007A94E4 /* AppDelegate.swift */,
				050B00CB1E91AA4B007A94E4 /* Main.storyboard */,
				050B00DE1E91AA4B007A94E4 /* Networking */,
				050B00E51E91AA4B007A94E4 /* UI */,
				050B00CD1E91AA4B007A94E4 /* Categories */,
				050B00D21E91AA4B007A94E4 /* Data Persistence */,
				050B00CA1E91AA4B007A94E4 /* Assets.xcassets */,
				050B00DC1E91AA4B007A94E4 /* Info.plist */,
				050B00DD1E91AA4B007A94E4 /* LaunchScreen.storyboard */,
			);
			path = FlickrViewer;
			sourceTree = "<group>";
		};
		050B00CD1E91AA4B007A94E4 /* Categories */ = {
			isa = PBXGroup;
			children = (
				050B00CE1E91AA4B007A94E4 /* Dictionary+HTTPParameters.swift */,
				050B00CF1E91AA4B007A94E4 /* FLPhoto+URLForPhoto.swift */,
				050B00D01E91AA4B007A94E4 /* String+PercentEncoding.swift */,
				050B00D11E91AA4B007A94E4 /* UIAlertController+NetworkingErrors.swift */,
			);
			path = Categories;
			sourceTree = "<group>";
		};
		050B00D21E91AA4B007A94E4 /* Data Persistence */ = {
			isa = PBXGroup;
			children = (
				050B00D31E91AA4B007A94E4 /* Core Data */,
				050B00DA1E91AA4B007A94E4 /* User Defaults */,
			);
			path = "Data Persistence";
			sourceTree = "<group>";
		};
		050B00D31E91AA4B007A94E4 /* Core Data */ = {
			isa = PBXGroup;
			children = (
				050B00D41E91AA4B007A94E4 /* Data Models */,
				050B00D71E91AA4B007A94E4 /* Managers */,
			);
			path = "Core Data";
			sourceTree = "<group>";
		};
		050B00D41E91AA4B007A94E4 /* Data Models */ = {
			isa = PBXGroup;
			children = (
				050B00D51E91AA4B007A94E4 /* FlickrViewer.xcdatamodeld */,
			);
			path = "Data Models";
			sourceTree = "<group>";
		};
		050B00D71E91AA4B007A94E4 /* Managers */ = {
			isa = PBXGroup;
			children = (
				050B00D81E91AA4B007A94E4 /* FLCoreDataManager.swift */,
				050B00D91E91AA4B007A94E4 /* FLCoreDataStack.swift */,
			);
			path = Managers;
			sourceTree = "<group>";
		};
		050B00DA1E91AA4B007A94E4 /* User Defaults */ = {
			isa = PBXGroup;
			children = (
				050B00DB1E91AA4B007A94E4 /* FLUserDefaultsManager.swift */,
			);
			path = "User Defaults";
			sourceTree = "<group>";
		};
		050B00DE1E91AA4B007A94E4 /* Networking */ = {
			isa = PBXGroup;
			children = (
				050B00DF1E91AA4B007A94E4 /* Managers */,
				050B00E11E91AA4B007A94E4 /* Models */,
			);
			path = Networking;
			sourceTree = "<group>";
		};
		050B00DF1E91AA4B007A94E4 /* Managers */ = {
			isa = PBXGroup;
			children = (
				050B00E01E91AA4B007A94E4 /* FLPhotosManager.swift */,
			);
			path = Managers;
			sourceTree = "<group>";
		};
		050B00E11E91AA4B007A94E4 /* Models */ = {
			isa = PBXGroup;
			children = (
				050B00E21E91AA4B007A94E4 /* FLPhoto.swift */,
				050B00E31E91AA4B007A94E4 /* FLPhotosList.swift */,
				050B00E41E91AA4B007A94E4 /* FLPhotosResult.swift */,
			);
			path = Models;
			sourceTree = "<group>";
		};
		050B00E51E91AA4B007A94E4 /* UI */ = {
			isa = PBXGroup;
			children = (
				050B00E61E91AA4B007A94E4 /* View Configurations */,
				050B00E91E91AA4B007A94E4 /* View Controllers */,
				050B00EC1E91AA4B007A94E4 /* Views */,
			);
			path = UI;
			sourceTree = "<group>";
		};
		050B00E61E91AA4B007A94E4 /* View Configurations */ = {
			isa = PBXGroup;
			children = (
				050B00E71E91AA4B007A94E4 /* FlickrPhotoTableViewCell+ConfigureForFLPhoto.swift */,
				050B00E81E91AA4B007A94E4 /* UserPhotoTableViewCell+ConfigureForFLPhoto.swift */,
			);
			path = "View Configurations";
			sourceTree = "<group>";
		};
		050B00E91E91AA4B007A94E4 /* View Controllers */ = {
			isa = PBXGroup;
			children = (
				050B00EA1E91AA4B007A94E4 /* HomeSearchTableViewController.swift */,
				050B00EB1E91AA4B007A94E4 /* UserPhotosTableViewController.swift */,
			);
			path = "View Controllers";
			sourceTree = "<group>";
		};
		050B00EC1E91AA4B007A94E4 /* Views */ = {
			isa = PBXGroup;
			children = (
				050B00ED1E91AA4B007A94E4 /* FlickrPhotoTableViewCell.swift */,
				050B00EE1E91AA4B007A94E4 /* UserPhotoTableViewCell.swift */,
			);
			path = Views;
			sourceTree = "<group>";
		};
		057774FB1E8AFD23004C8C87 = {
			isa = PBXGroup;
			children = (
				050B00C81E91AA4B007A94E4 /* FlickrViewer */,
				0521CCE51E8F991E00322943 /* Default-568h@2x.png */,
				057775051E8AFD23004C8C87 /* Products */,
				E1035FD740863D87D9A01AF9 /* Pods */,
				405AB187B3CD6245B1CF0FFE /* Frameworks */,
			);
			sourceTree = "<group>";
		};
		057775051E8AFD23004C8C87 /* Products */ = {
			isa = PBXGroup;
			children = (
				057775041E8AFD23004C8C87 /* FlickrViewer.app */,
			);
			name = Products;
			sourceTree = "<group>";
		};
		405AB187B3CD6245B1CF0FFE /* Frameworks */ = {
			isa = PBXGroup;
			children = (
				54090C4033F6E0081A3DF749 /* Pods_FlickrViewer.framework */,
			);
			name = Frameworks;
			sourceTree = "<group>";
		};
		E1035FD740863D87D9A01AF9 /* Pods */ = {
			isa = PBXGroup;
			children = (
				87C22780605DE2DFD2A5FC2B /* Pods-FlickrViewer.debug.xcconfig */,
				C8F6623EE8D58BDA84FE03AA /* Pods-FlickrViewer.release.xcconfig */,
			);
			name = Pods;
			sourceTree = "<group>";
		};
/* End PBXGroup section */

/* Begin PBXNativeTarget section */
		057775031E8AFD23004C8C87 /* FlickrViewer */ = {
			isa = PBXNativeTarget;
			buildConfigurationList = 057775161E8AFD23004C8C87 /* Build configuration list for PBXNativeTarget "FlickrViewer" */;
			buildPhases = (
				E2AA6092F653943B2B3A535D /* [CP] Check Pods Manifest.lock */,
				057775001E8AFD23004C8C87 /* Sources */,
				057775011E8AFD23004C8C87 /* Frameworks */,
				057775021E8AFD23004C8C87 /* Resources */,
				F449F5547BE2C881574C8D2D /* [CP] Embed Pods Frameworks */,
				D1AAD4BCAB68F797818A43E4 /* [CP] Copy Pods Resources */,
			);
			buildRules = (
			);
			dependencies = (
			);
			name = FlickrViewer;
			productName = FlickrViewer;
			productReference = 057775041E8AFD23004C8C87 /* FlickrViewer.app */;
			productType = "com.apple.product-type.application";
		};
/* End PBXNativeTarget section */

/* Begin PBXProject section */
		057774FC1E8AFD23004C8C87 /* Project object */ = {
			isa = PBXProject;
			attributes = {
				LastSwiftUpdateCheck = 0820;
				LastUpgradeCheck = 0820;
				ORGANIZATIONNAME = orange;
				TargetAttributes = {
					057775031E8AFD23004C8C87 = {
						CreatedOnToolsVersion = 8.2.1;
						DevelopmentTeam = 9YADGBAVKT;
						ProvisioningStyle = Automatic;
					};
				};
			};
			buildConfigurationList = 057774FF1E8AFD23004C8C87 /* Build configuration list for PBXProject "FlickrViewer" */;
			compatibilityVersion = "Xcode 3.2";
			developmentRegion = English;
			hasScannedForEncodings = 0;
			knownRegions = (
				en,
				Base,
			);
			mainGroup = 057774FB1E8AFD23004C8C87;
			productRefGroup = 057775051E8AFD23004C8C87 /* Products */;
			projectDirPath = "";
			projectRoot = "";
			targets = (
				057775031E8AFD23004C8C87 /* FlickrViewer */,
			);
		};
/* End PBXProject section */

/* Begin PBXResourcesBuildPhase section */
		057775021E8AFD23004C8C87 /* Resources */ = {
			isa = PBXResourcesBuildPhase;
			buildActionMask = 2147483647;
			files = (
				050B00F11E91AA4B007A94E4 /* Main.storyboard in Resources */,
				050B00F01E91AA4B007A94E4 /* Assets.xcassets in Resources */,
				050B00FB1E91AA4B007A94E4 /* LaunchScreen.storyboard in Resources */,
				0521CCE61E8F991E00322943 /* Default-568h@2x.png in Resources */,
			);
			runOnlyForDeploymentPostprocessing = 0;
		};
/* End PBXResourcesBuildPhase section */

/* Begin PBXShellScriptBuildPhase section */
		D1AAD4BCAB68F797818A43E4 /* [CP] Copy Pods Resources */ = {
			isa = PBXShellScriptBuildPhase;
			buildActionMask = 2147483647;
			files = (
			);
			inputPaths = (
			);
			name = "[CP] Copy Pods Resources";
			outputPaths = (
			);
			runOnlyForDeploymentPostprocessing = 0;
			shellPath = /bin/sh;
			shellScript = "\"${SRCROOT}/Pods/Target Support Files/Pods-FlickrViewer/Pods-FlickrViewer-resources.sh\"\n";
			showEnvVarsInLog = 0;
		};
		E2AA6092F653943B2B3A535D /* [CP] Check Pods Manifest.lock */ = {
			isa = PBXShellScriptBuildPhase;
			buildActionMask = 2147483647;
			files = (
			);
			inputPaths = (
			);
			name = "[CP] Check Pods Manifest.lock";
			outputPaths = (
			);
			runOnlyForDeploymentPostprocessing = 0;
			shellPath = /bin/sh;
			shellScript = "diff \"${PODS_ROOT}/../Podfile.lock\" \"${PODS_ROOT}/Manifest.lock\" > /dev/null\nif [ $? != 0 ] ; then\n    # print error to STDERR\n    echo \"error: The sandbox is not in sync with the Podfile.lock. Run 'pod install' or update your CocoaPods installation.\" >&2\n    exit 1\nfi\n";
			showEnvVarsInLog = 0;
		};
		F449F5547BE2C881574C8D2D /* [CP] Embed Pods Frameworks */ = {
			isa = PBXShellScriptBuildPhase;
			buildActionMask = 2147483647;
			files = (
			);
			inputPaths = (
			);
			name = "[CP] Embed Pods Frameworks";
			outputPaths = (
			);
			runOnlyForDeploymentPostprocessing = 0;
			shellPath = /bin/sh;
			shellScript = "\"${SRCROOT}/Pods/Target Support Files/Pods-FlickrViewer/Pods-FlickrViewer-frameworks.sh\"\n";
			showEnvVarsInLog = 0;
		};
/* End PBXShellScriptBuildPhase section */

/* Begin PBXSourcesBuildPhase section */
		057775001E8AFD23004C8C87 /* Sources */ = {
			isa = PBXSourcesBuildPhase;
			buildActionMask = 2147483647;
			files = (
				050B00F61E91AA4B007A94E4 /* FlickrViewer.xcdatamodeld in Sources */,
				050B01001E91AA4B007A94E4 /* FlickrPhotoTableViewCell+ConfigureForFLPhoto.swift in Sources */,
				050B01011E91AA4B007A94E4 /* UserPhotoTableViewCell+ConfigureForFLPhoto.swift in Sources */,
				050B00FF1E91AA4B007A94E4 /* FLPhotosResult.swift in Sources */,
				050B01021E91AA4B007A94E4 /* HomeSearchTableViewController.swift in Sources */,
				050B00EF1E91AA4B007A94E4 /* AppDelegate.swift in Sources */,
				050B00F41E91AA4B007A94E4 /* String+PercentEncoding.swift in Sources */,
				050B00FD1E91AA4B007A94E4 /* FLPhoto.swift in Sources */,
				050B00F91E91AA4B007A94E4 /* FLUserDefaultsManager.swift in Sources */,
				050B00FC1E91AA4B007A94E4 /* FLPhotosManager.swift in Sources */,
				050B00F81E91AA4B007A94E4 /* FLCoreDataStack.swift in Sources */,
				050B00F21E91AA4B007A94E4 /* Dictionary+HTTPParameters.swift in Sources */,
				050B00FE1E91AA4B007A94E4 /* FLPhotosList.swift in Sources */,
				050B00F71E91AA4B007A94E4 /* FLCoreDataManager.swift in Sources */,
				050B01051E91AA4B007A94E4 /* UserPhotoTableViewCell.swift in Sources */,
				050B00F51E91AA4B007A94E4 /* UIAlertController+NetworkingErrors.swift in Sources */,
				050B01031E91AA4B007A94E4 /* UserPhotosTableViewController.swift in Sources */,
				050B00F31E91AA4B007A94E4 /* FLPhoto+URLForPhoto.swift in Sources */,
				050B01041E91AA4B007A94E4 /* FlickrPhotoTableViewCell.swift in Sources */,
			);
			runOnlyForDeploymentPostprocessing = 0;
		};
/* End PBXSourcesBuildPhase section */

/* Begin PBXVariantGroup section */
		050B00CB1E91AA4B007A94E4 /* Main.storyboard */ = {
			isa = PBXVariantGroup;
			children = (
				050B00CC1E91AA4B007A94E4 /* Base */,
			);
			name = Main.storyboard;
			sourceTree = "<group>";
		};
/* End PBXVariantGroup section */

/* Begin XCBuildConfiguration section */
		057775141E8AFD23004C8C87 /* Debug */ = {
			isa = XCBuildConfiguration;
			buildSettings = {
				ALWAYS_SEARCH_USER_PATHS = NO;
				CLANG_ANALYZER_NONNULL = YES;
				CLANG_CXX_LANGUAGE_STANDARD = "gnu++0x";
				CLANG_CXX_LIBRARY = "libc++";
				CLANG_ENABLE_MODULES = YES;
				CLANG_ENABLE_OBJC_ARC = YES;
				CLANG_WARN_BOOL_CONVERSION = YES;
				CLANG_WARN_CONSTANT_CONVERSION = YES;
				CLANG_WARN_DIRECT_OBJC_ISA_USAGE = YES_ERROR;
				CLANG_WARN_DOCUMENTATION_COMMENTS = YES;
				CLANG_WARN_EMPTY_BODY = YES;
				CLANG_WARN_ENUM_CONVERSION = YES;
				CLANG_WARN_INFINITE_RECURSION = YES;
				CLANG_WARN_INT_CONVERSION = YES;
				CLANG_WARN_OBJC_ROOT_CLASS = YES_ERROR;
				CLANG_WARN_SUSPICIOUS_MOVE = YES;
				CLANG_WARN_UNREACHABLE_CODE = YES;
				CLANG_WARN__DUPLICATE_METHOD_MATCH = YES;
				"CODE_SIGN_IDENTITY[sdk=iphoneos*]" = "iPhone Developer";
				COPY_PHASE_STRIP = NO;
				DEBUG_INFORMATION_FORMAT = dwarf;
				ENABLE_STRICT_OBJC_MSGSEND = YES;
				ENABLE_TESTABILITY = YES;
				GCC_C_LANGUAGE_STANDARD = gnu99;
				GCC_DYNAMIC_NO_PIC = NO;
				GCC_NO_COMMON_BLOCKS = YES;
				GCC_OPTIMIZATION_LEVEL = 0;
				GCC_PREPROCESSOR_DEFINITIONS = (
					"DEBUG=1",
					"$(inherited)",
				);
				GCC_WARN_64_TO_32_BIT_CONVERSION = YES;
				GCC_WARN_ABOUT_RETURN_TYPE = YES_ERROR;
				GCC_WARN_UNDECLARED_SELECTOR = YES;
				GCC_WARN_UNINITIALIZED_AUTOS = YES_AGGRESSIVE;
				GCC_WARN_UNUSED_FUNCTION = YES;
				GCC_WARN_UNUSED_VARIABLE = YES;
				IPHONEOS_DEPLOYMENT_TARGET = 9.0;
				MTL_ENABLE_DEBUG_INFO = YES;
				ONLY_ACTIVE_ARCH = YES;
				SDKROOT = iphoneos;
				SWIFT_ACTIVE_COMPILATION_CONDITIONS = DEBUG;
				SWIFT_OPTIMIZATION_LEVEL = "-Onone";
				TARGETED_DEVICE_FAMILY = "1,2";
			};
			name = Debug;
		};
		057775151E8AFD23004C8C87 /* Release */ = {
			isa = XCBuildConfiguration;
			buildSettings = {
				ALWAYS_SEARCH_USER_PATHS = NO;
				CLANG_ANALYZER_NONNULL = YES;
				CLANG_CXX_LANGUAGE_STANDARD = "gnu++0x";
				CLANG_CXX_LIBRARY = "libc++";
				CLANG_ENABLE_MODULES = YES;
				CLANG_ENABLE_OBJC_ARC = YES;
				CLANG_WARN_BOOL_CONVERSION = YES;
				CLANG_WARN_CONSTANT_CONVERSION = YES;
				CLANG_WARN_DIRECT_OBJC_ISA_USAGE = YES_ERROR;
				CLANG_WARN_DOCUMENTATION_COMMENTS = YES;
				CLANG_WARN_EMPTY_BODY = YES;
				CLANG_WARN_ENUM_CONVERSION = YES;
				CLANG_WARN_INFINITE_RECURSION = YES;
				CLANG_WARN_INT_CONVERSION = YES;
				CLANG_WARN_OBJC_ROOT_CLASS = YES_ERROR;
				CLANG_WARN_SUSPICIOUS_MOVE = YES;
				CLANG_WARN_UNREACHABLE_CODE = YES;
				CLANG_WARN__DUPLICATE_METHOD_MATCH = YES;
				"CODE_SIGN_IDENTITY[sdk=iphoneos*]" = "iPhone Developer";
				COPY_PHASE_STRIP = NO;
				DEBUG_INFORMATION_FORMAT = "dwarf-with-dsym";
				ENABLE_NS_ASSERTIONS = NO;
				ENABLE_STRICT_OBJC_MSGSEND = YES;
				GCC_C_LANGUAGE_STANDARD = gnu99;
				GCC_NO_COMMON_BLOCKS = YES;
				GCC_WARN_64_TO_32_BIT_CONVERSION = YES;
				GCC_WARN_ABOUT_RETURN_TYPE = YES_ERROR;
				GCC_WARN_UNDECLARED_SELECTOR = YES;
				GCC_WARN_UNINITIALIZED_AUTOS = YES_AGGRESSIVE;
				GCC_WARN_UNUSED_FUNCTION = YES;
				GCC_WARN_UNUSED_VARIABLE = YES;
				IPHONEOS_DEPLOYMENT_TARGET = 9.0;
				MTL_ENABLE_DEBUG_INFO = NO;
				SDKROOT = iphoneos;
				SWIFT_OPTIMIZATION_LEVEL = "-Owholemodule";
				TARGETED_DEVICE_FAMILY = "1,2";
				VALIDATE_PRODUCT = YES;
			};
			name = Release;
		};
		057775171E8AFD23004C8C87 /* Debug */ = {
			isa = XCBuildConfiguration;
			baseConfigurationReference = 87C22780605DE2DFD2A5FC2B /* Pods-FlickrViewer.debug.xcconfig */;
			buildSettings = {
				ALWAYS_EMBED_SWIFT_STANDARD_LIBRARIES = YES;
				ASSETCATALOG_COMPILER_APPICON_NAME = AppIcon;
				DEVELOPMENT_TEAM = 9YADGBAVKT;
				INFOPLIST_FILE = FlickrViewer/Info.plist;
				LD_RUNPATH_SEARCH_PATHS = "$(inherited) @executable_path/Frameworks";
				PRODUCT_BUNDLE_IDENTIFIER = com.orange.FlickrViewer;
				PRODUCT_NAME = "$(TARGET_NAME)";
				SWIFT_VERSION = 3.0;
			};
			name = Debug;
		};
		057775181E8AFD23004C8C87 /* Release */ = {
			isa = XCBuildConfiguration;
			baseConfigurationReference = C8F6623EE8D58BDA84FE03AA /* Pods-FlickrViewer.release.xcconfig */;
			buildSettings = {
				ALWAYS_EMBED_SWIFT_STANDARD_LIBRARIES = YES;
				ASSETCATALOG_COMPILER_APPICON_NAME = AppIcon;
				DEVELOPMENT_TEAM = 9YADGBAVKT;
				INFOPLIST_FILE = FlickrViewer/Info.plist;
				LD_RUNPATH_SEARCH_PATHS = "$(inherited) @executable_path/Frameworks";
				PRODUCT_BUNDLE_IDENTIFIER = com.orange.FlickrViewer;
				PRODUCT_NAME = "$(TARGET_NAME)";
				SWIFT_VERSION = 3.0;
			};
			name = Release;
		};
/* End XCBuildConfiguration section */

/* Begin XCConfigurationList section */
		057774FF1E8AFD23004C8C87 /* Build configuration list for PBXProject "FlickrViewer" */ = {
			isa = XCConfigurationList;
			buildConfigurations = (
				057775141E8AFD23004C8C87 /* Debug */,
				057775151E8AFD23004C8C87 /* Release */,
			);
			defaultConfigurationIsVisible = 0;
			defaultConfigurationName = Release;
		};
		057775161E8AFD23004C8C87 /* Build configuration list for PBXNativeTarget "FlickrViewer" */ = {
			isa = XCConfigurationList;
			buildConfigurations = (
				057775171E8AFD23004C8C87 /* Debug */,
				057775181E8AFD23004C8C87 /* Release */,
			);
			defaultConfigurationIsVisible = 0;
			defaultConfigurationName = Release;
		};
/* End XCConfigurationList section */

/* Begin XCVersionGroup section */
		050B00D51E91AA4B007A94E4 /* FlickrViewer.xcdatamodeld */ = {
			isa = XCVersionGroup;
			children = (
				050B00D61E91AA4B007A94E4 /* FlickrViewer.xcdatamodel */,
			);
			currentVersion = 050B00D61E91AA4B007A94E4 /* FlickrViewer.xcdatamodel */;
			path = FlickrViewer.xcdatamodeld;
			sourceTree = "<group>";
			versionGroupType = wrapper.xcdatamodel;
		};
/* End XCVersionGroup section */
	};
	rootObject = 057774FC1E8AFD23004C8C87 /* Project object */;
}
