// !$*UTF8*$!
{
	archiveVersion = 1;
	classes = {
	};
	objectVersion = 46;
	objects = {

/* Begin PBXBuildFile section */
		0521CCE61E8F991E00322943 /* Default-568h@2x.png in Resources */ = {isa = PBXBuildFile; fileRef = 0521CCE51E8F991E00322943 /* Default-568h@2x.png */; };
		05E150A81E93053F004D4FA5 /* AppDelegate.swift in Sources */ = {isa = PBXBuildFile; fileRef = 05E1507E1E93053F004D4FA5 /* AppDelegate.swift */; };
		05E150A91E93053F004D4FA5 /* Assets.xcassets in Resources */ = {isa = PBXBuildFile; fileRef = 05E1507F1E93053F004D4FA5 /* Assets.xcassets */; };
		05E150AA1E93053F004D4FA5 /* Main.storyboard in Resources */ = {isa = PBXBuildFile; fileRef = 05E150801E93053F004D4FA5 /* Main.storyboard */; };
		05E150AB1E93053F004D4FA5 /* Dictionary+HTTPParameters.swift in Sources */ = {isa = PBXBuildFile; fileRef = 05E150831E93053F004D4FA5 /* Dictionary+HTTPParameters.swift */; };
		05E150AC1E93053F004D4FA5 /* FLPhoto+URLForPhoto.swift in Sources */ = {isa = PBXBuildFile; fileRef = 05E150841E93053F004D4FA5 /* FLPhoto+URLForPhoto.swift */; };
		05E150AD1E93053F004D4FA5 /* String+PercentEncoding.swift in Sources */ = {isa = PBXBuildFile; fileRef = 05E150851E93053F004D4FA5 /* String+PercentEncoding.swift */; };
		05E150AE1E93053F004D4FA5 /* UIAlertController+NetworkingErrors.swift in Sources */ = {isa = PBXBuildFile; fileRef = 05E150861E93053F004D4FA5 /* UIAlertController+NetworkingErrors.swift */; };
		05E150AF1E93053F004D4FA5 /* UISearchBar+TextColor.swift in Sources */ = {isa = PBXBuildFile; fileRef = 05E150871E93053F004D4FA5 /* UISearchBar+TextColor.swift */; };
		05E150B01E93053F004D4FA5 /* UITableViewCell+PrepareAccessory.swift in Sources */ = {isa = PBXBuildFile; fileRef = 05E150881E93053F004D4FA5 /* UITableViewCell+PrepareAccessory.swift */; };
		05E150B11E93053F004D4FA5 /* UITableViewController+SetTitle.swift in Sources */ = {isa = PBXBuildFile; fileRef = 05E150891E93053F004D4FA5 /* UITableViewController+SetTitle.swift */; };
		05E150B21E93053F004D4FA5 /* FlickrViewer.xcdatamodeld in Sources */ = {isa = PBXBuildFile; fileRef = 05E1508D1E93053F004D4FA5 /* FlickrViewer.xcdatamodeld */; };
		05E150B31E93053F004D4FA5 /* FLCoreDataManager.swift in Sources */ = {isa = PBXBuildFile; fileRef = 05E150901E93053F004D4FA5 /* FLCoreDataManager.swift */; };
		05E150B41E93053F004D4FA5 /* FLCoreDataStack.swift in Sources */ = {isa = PBXBuildFile; fileRef = 05E150911E93053F004D4FA5 /* FLCoreDataStack.swift */; };
		05E150B51E93053F004D4FA5 /* FLUserDefaultsManager.swift in Sources */ = {isa = PBXBuildFile; fileRef = 05E150931E93053F004D4FA5 /* FLUserDefaultsManager.swift */; };
		05E150B71E93053F004D4FA5 /* LaunchScreen.storyboard in Resources */ = {isa = PBXBuildFile; fileRef = 05E150951E93053F004D4FA5 /* LaunchScreen.storyboard */; };
		05E150B81E93053F004D4FA5 /* FLPhotosManager.swift in Sources */ = {isa = PBXBuildFile; fileRef = 05E150981E93053F004D4FA5 /* FLPhotosManager.swift */; };
		05E150B91E93053F004D4FA5 /* FLPhoto.swift in Sources */ = {isa = PBXBuildFile; fileRef = 05E1509A1E93053F004D4FA5 /* FLPhoto.swift */; };
		05E150BA1E93053F004D4FA5 /* FLPhotosList.swift in Sources */ = {isa = PBXBuildFile; fileRef = 05E1509B1E93053F004D4FA5 /* FLPhotosList.swift */; };
		05E150BB1E93053F004D4FA5 /* FLPhotosResult.swift in Sources */ = {isa = PBXBuildFile; fileRef = 05E1509C1E93053F004D4FA5 /* FLPhotosResult.swift */; };
		05E150BC1E93053F004D4FA5 /* FlickrPhotoTableViewCell+ConfigureForFLPhoto.swift in Sources */ = {isa = PBXBuildFile; fileRef = 05E1509F1E93053F004D4FA5 /* FlickrPhotoTableViewCell+ConfigureForFLPhoto.swift */; };
		05E150BD1E93053F004D4FA5 /* UserPhotoTableViewCell+ConfigureForFLPhoto.swift in Sources */ = {isa = PBXBuildFile; fileRef = 05E150A01E93053F004D4FA5 /* UserPhotoTableViewCell+ConfigureForFLPhoto.swift */; };
		05E150BE1E93053F004D4FA5 /* HomeSearchTableViewController.swift in Sources */ = {isa = PBXBuildFile; fileRef = 05E150A21E93053F004D4FA5 /* HomeSearchTableViewController.swift */; };
		05E150BF1E93053F004D4FA5 /* UserPhotosTableViewController.swift in Sources */ = {isa = PBXBuildFile; fileRef = 05E150A31E93053F004D4FA5 /* UserPhotosTableViewController.swift */; };
		05E150C01E93053F004D4FA5 /* FlickrPhotoTableViewCell.swift in Sources */ = {isa = PBXBuildFile; fileRef = 05E150A51E93053F004D4FA5 /* FlickrPhotoTableViewCell.swift */; };
		05E150C11E93053F004D4FA5 /* UserPhotoTableViewCell.swift in Sources */ = {isa = PBXBuildFile; fileRef = 05E150A61E93053F004D4FA5 /* UserPhotoTableViewCell.swift */; };
		05E150C91E930606004D4FA5 /* FlickrViewerTests.swift in Sources */ = {isa = PBXBuildFile; fileRef = 05E150C81E930606004D4FA5 /* FlickrViewerTests.swift */; };
		05E150D11E930C63004D4FA5 /* FLUserDefaultsManagerTests.swift in Sources */ = {isa = PBXBuildFile; fileRef = 05E150D01E930C63004D4FA5 /* FLUserDefaultsManagerTests.swift */; };
		49DCE99D4DBA3DB14895BA39 /* Pods_FlickrViewer.framework in Frameworks */ = {isa = PBXBuildFile; fileRef = 54090C4033F6E0081A3DF749 /* Pods_FlickrViewer.framework */; };
/* End PBXBuildFile section */

/* Begin PBXContainerItemProxy section */
		05E150CB1E930606004D4FA5 /* PBXContainerItemProxy */ = {
			isa = PBXContainerItemProxy;
			containerPortal = 057774FC1E8AFD23004C8C87 /* Project object */;
			proxyType = 1;
			remoteGlobalIDString = 057775031E8AFD23004C8C87;
			remoteInfo = FlickrViewer;
		};
/* End PBXContainerItemProxy section */

/* Begin PBXFileReference section */
		0521CCE51E8F991E00322943 /* Default-568h@2x.png */ = {isa = PBXFileReference; lastKnownFileType = image.png; path = "Default-568h@2x.png"; sourceTree = "<group>"; };
		057775041E8AFD23004C8C87 /* FlickrViewer.app */ = {isa = PBXFileReference; explicitFileType = wrapper.application; includeInIndex = 0; path = FlickrViewer.app; sourceTree = BUILT_PRODUCTS_DIR; };
		05E1507E1E93053F004D4FA5 /* AppDelegate.swift */ = {isa = PBXFileReference; fileEncoding = 4; lastKnownFileType = sourcecode.swift; path = AppDelegate.swift; sourceTree = "<group>"; };
		05E1507F1E93053F004D4FA5 /* Assets.xcassets */ = {isa = PBXFileReference; lastKnownFileType = folder.assetcatalog; path = Assets.xcassets; sourceTree = "<group>"; };
		05E150811E93053F004D4FA5 /* Base */ = {isa = PBXFileReference; lastKnownFileType = file.storyboard; name = Base; path = Base.lproj/Main.storyboard; sourceTree = "<group>"; };
		05E150831E93053F004D4FA5 /* Dictionary+HTTPParameters.swift */ = {isa = PBXFileReference; fileEncoding = 4; lastKnownFileType = sourcecode.swift; path = "Dictionary+HTTPParameters.swift"; sourceTree = "<group>"; };
		05E150841E93053F004D4FA5 /* FLPhoto+URLForPhoto.swift */ = {isa = PBXFileReference; fileEncoding = 4; lastKnownFileType = sourcecode.swift; path = "FLPhoto+URLForPhoto.swift"; sourceTree = "<group>"; };
		05E150851E93053F004D4FA5 /* String+PercentEncoding.swift */ = {isa = PBXFileReference; fileEncoding = 4; lastKnownFileType = sourcecode.swift; path = "String+PercentEncoding.swift"; sourceTree = "<group>"; };
		05E150861E93053F004D4FA5 /* UIAlertController+NetworkingErrors.swift */ = {isa = PBXFileReference; fileEncoding = 4; lastKnownFileType = sourcecode.swift; path = "UIAlertController+NetworkingErrors.swift"; sourceTree = "<group>"; };
		05E150871E93053F004D4FA5 /* UISearchBar+TextColor.swift */ = {isa = PBXFileReference; fileEncoding = 4; lastKnownFileType = sourcecode.swift; path = "UISearchBar+TextColor.swift"; sourceTree = "<group>"; };
		05E150881E93053F004D4FA5 /* UITableViewCell+PrepareAccessory.swift */ = {isa = PBXFileReference; fileEncoding = 4; lastKnownFileType = sourcecode.swift; path = "UITableViewCell+PrepareAccessory.swift"; sourceTree = "<group>"; };
		05E150891E93053F004D4FA5 /* UITableViewController+SetTitle.swift */ = {isa = PBXFileReference; fileEncoding = 4; lastKnownFileType = sourcecode.swift; path = "UITableViewController+SetTitle.swift"; sourceTree = "<group>"; };
		05E1508E1E93053F004D4FA5 /* FlickrViewer.xcdatamodel */ = {isa = PBXFileReference; lastKnownFileType = wrapper.xcdatamodel; path = FlickrViewer.xcdatamodel; sourceTree = "<group>"; };
		05E150901E93053F004D4FA5 /* FLCoreDataManager.swift */ = {isa = PBXFileReference; fileEncoding = 4; lastKnownFileType = sourcecode.swift; path = FLCoreDataManager.swift; sourceTree = "<group>"; };
		05E150911E93053F004D4FA5 /* FLCoreDataStack.swift */ = {isa = PBXFileReference; fileEncoding = 4; lastKnownFileType = sourcecode.swift; path = FLCoreDataStack.swift; sourceTree = "<group>"; };
		05E150931E93053F004D4FA5 /* FLUserDefaultsManager.swift */ = {isa = PBXFileReference; fileEncoding = 4; lastKnownFileType = sourcecode.swift; path = FLUserDefaultsManager.swift; sourceTree = "<group>"; };
		05E150941E93053F004D4FA5 /* Info.plist */ = {isa = PBXFileReference; fileEncoding = 4; lastKnownFileType = text.plist.xml; path = Info.plist; sourceTree = "<group>"; };
		05E150951E93053F004D4FA5 /* LaunchScreen.storyboard */ = {isa = PBXFileReference; fileEncoding = 4; lastKnownFileType = file.storyboard; path = LaunchScreen.storyboard; sourceTree = "<group>"; };
		05E150981E93053F004D4FA5 /* FLPhotosManager.swift */ = {isa = PBXFileReference; fileEncoding = 4; lastKnownFileType = sourcecode.swift; path = FLPhotosManager.swift; sourceTree = "<group>"; };
		05E1509A1E93053F004D4FA5 /* FLPhoto.swift */ = {isa = PBXFileReference; fileEncoding = 4; lastKnownFileType = sourcecode.swift; path = FLPhoto.swift; sourceTree = "<group>"; };
		05E1509B1E93053F004D4FA5 /* FLPhotosList.swift */ = {isa = PBXFileReference; fileEncoding = 4; lastKnownFileType = sourcecode.swift; path = FLPhotosList.swift; sourceTree = "<group>"; };
		05E1509C1E93053F004D4FA5 /* FLPhotosResult.swift */ = {isa = PBXFileReference; fileEncoding = 4; lastKnownFileType = sourcecode.swift; path = FLPhotosResult.swift; sourceTree = "<group>"; };
		05E1509F1E93053F004D4FA5 /* FlickrPhotoTableViewCell+ConfigureForFLPhoto.swift */ = {isa = PBXFileReference; fileEncoding = 4; lastKnownFileType = sourcecode.swift; path = "FlickrPhotoTableViewCell+ConfigureForFLPhoto.swift"; sourceTree = "<group>"; };
		05E150A01E93053F004D4FA5 /* UserPhotoTableViewCell+ConfigureForFLPhoto.swift */ = {isa = PBXFileReference; fileEncoding = 4; lastKnownFileType = sourcecode.swift; path = "UserPhotoTableViewCell+ConfigureForFLPhoto.swift"; sourceTree = "<group>"; };
		05E150A21E93053F004D4FA5 /* HomeSearchTableViewController.swift */ = {isa = PBXFileReference; fileEncoding = 4; lastKnownFileType = sourcecode.swift; path = HomeSearchTableViewController.swift; sourceTree = "<group>"; };
		05E150A31E93053F004D4FA5 /* UserPhotosTableViewController.swift */ = {isa = PBXFileReference; fileEncoding = 4; lastKnownFileType = sourcecode.swift; path = UserPhotosTableViewController.swift; sourceTree = "<group>"; };
		05E150A51E93053F004D4FA5 /* FlickrPhotoTableViewCell.swift */ = {isa = PBXFileReference; fileEncoding = 4; lastKnownFileType = sourcecode.swift; path = FlickrPhotoTableViewCell.swift; sourceTree = "<group>"; };
		05E150A61E93053F004D4FA5 /* UserPhotoTableViewCell.swift */ = {isa = PBXFileReference; fileEncoding = 4; lastKnownFileType = sourcecode.swift; path = UserPhotoTableViewCell.swift; sourceTree = "<group>"; };
		05E150C61E930606004D4FA5 /* FlickrViewerTests.xctest */ = {isa = PBXFileReference; explicitFileType = wrapper.cfbundle; includeInIndex = 0; path = FlickrViewerTests.xctest; sourceTree = BUILT_PRODUCTS_DIR; };
		05E150C81E930606004D4FA5 /* FlickrViewerTests.swift */ = {isa = PBXFileReference; lastKnownFileType = sourcecode.swift; path = FlickrViewerTests.swift; sourceTree = "<group>"; };
		05E150CA1E930606004D4FA5 /* Info.plist */ = {isa = PBXFileReference; lastKnownFileType = text.plist.xml; path = Info.plist; sourceTree = "<group>"; };
		05E150D01E930C63004D4FA5 /* FLUserDefaultsManagerTests.swift */ = {isa = PBXFileReference; fileEncoding = 4; lastKnownFileType = sourcecode.swift; path = FLUserDefaultsManagerTests.swift; sourceTree = "<group>"; };
		54090C4033F6E0081A3DF749 /* Pods_FlickrViewer.framework */ = {isa = PBXFileReference; explicitFileType = wrapper.framework; includeInIndex = 0; path = Pods_FlickrViewer.framework; sourceTree = BUILT_PRODUCTS_DIR; };
		87C22780605DE2DFD2A5FC2B /* Pods-FlickrViewer.debug.xcconfig */ = {isa = PBXFileReference; includeInIndex = 1; lastKnownFileType = text.xcconfig; name = "Pods-FlickrViewer.debug.xcconfig"; path = "Pods/Target Support Files/Pods-FlickrViewer/Pods-FlickrViewer.debug.xcconfig"; sourceTree = "<group>"; };
		C8F6623EE8D58BDA84FE03AA /* Pods-FlickrViewer.release.xcconfig */ = {isa = PBXFileReference; includeInIndex = 1; lastKnownFileType = text.xcconfig; name = "Pods-FlickrViewer.release.xcconfig"; path = "Pods/Target Support Files/Pods-FlickrViewer/Pods-FlickrViewer.release.xcconfig"; sourceTree = "<group>"; };
/* End PBXFileReference section */

/* Begin PBXFrameworksBuildPhase section */
		057775011E8AFD23004C8C87 /* Frameworks */ = {
			isa = PBXFrameworksBuildPhase;
			buildActionMask = 2147483647;
			files = (
				49DCE99D4DBA3DB14895BA39 /* Pods_FlickrViewer.framework in Frameworks */,
			);
			runOnlyForDeploymentPostprocessing = 0;
		};
		05E150C31E930606004D4FA5 /* Frameworks */ = {
			isa = PBXFrameworksBuildPhase;
			buildActionMask = 2147483647;
			files = (
			);
			runOnlyForDeploymentPostprocessing = 0;
		};
/* End PBXFrameworksBuildPhase section */

/* Begin PBXGroup section */
		057774FB1E8AFD23004C8C87 = {
			isa = PBXGroup;
			children = (
				05E1507D1E93053F004D4FA5 /* FlickrViewer */,
				0521CCE51E8F991E00322943 /* Default-568h@2x.png */,
				05E150C71E930606004D4FA5 /* FlickrViewerTests */,
				057775051E8AFD23004C8C87 /* Products */,
				E1035FD740863D87D9A01AF9 /* Pods */,
				405AB187B3CD6245B1CF0FFE /* Frameworks */,
			);
			sourceTree = "<group>";
		};
		057775051E8AFD23004C8C87 /* Products */ = {
			isa = PBXGroup;
			children = (
				057775041E8AFD23004C8C87 /* FlickrViewer.app */,
				05E150C61E930606004D4FA5 /* FlickrViewerTests.xctest */,
			);
			name = Products;
			sourceTree = "<group>";
		};
		05E1507D1E93053F004D4FA5 /* FlickrViewer */ = {
			isa = PBXGroup;
			children = (
				05E1507E1E93053F004D4FA5 /* AppDelegate.swift */,
				05E1507F1E93053F004D4FA5 /* Assets.xcassets */,
				05E150801E93053F004D4FA5 /* Main.storyboard */,
				05E150961E93053F004D4FA5 /* Networking */,
				05E1509D1E93053F004D4FA5 /* UI */,
				05E1508A1E93053F004D4FA5 /* Data Persistence */,
				05E150821E93053F004D4FA5 /* Categories */,
				05E150941E93053F004D4FA5 /* Info.plist */,
				05E150951E93053F004D4FA5 /* LaunchScreen.storyboard */,
			);
			path = FlickrViewer;
			sourceTree = "<group>";
		};
		05E150821E93053F004D4FA5 /* Categories */ = {
			isa = PBXGroup;
			children = (
				05E150831E93053F004D4FA5 /* Dictionary+HTTPParameters.swift */,
				05E150841E93053F004D4FA5 /* FLPhoto+URLForPhoto.swift */,
				05E150851E93053F004D4FA5 /* String+PercentEncoding.swift */,
				05E150861E93053F004D4FA5 /* UIAlertController+NetworkingErrors.swift */,
				05E150871E93053F004D4FA5 /* UISearchBar+TextColor.swift */,
				05E150881E93053F004D4FA5 /* UITableViewCell+PrepareAccessory.swift */,
				05E150891E93053F004D4FA5 /* UITableViewController+SetTitle.swift */,
			);
			path = Categories;
			sourceTree = "<group>";
		};
		05E1508A1E93053F004D4FA5 /* Data Persistence */ = {
			isa = PBXGroup;
			children = (
				05E1508B1E93053F004D4FA5 /* Core Data */,
				05E150921E93053F004D4FA5 /* User Defaults */,
			);
			path = "Data Persistence";
			sourceTree = "<group>";
		};
		05E1508B1E93053F004D4FA5 /* Core Data */ = {
			isa = PBXGroup;
			children = (
				05E1508C1E93053F004D4FA5 /* Data Models */,
				05E1508F1E93053F004D4FA5 /* Managers */,
			);
			path = "Core Data";
			sourceTree = "<group>";
		};
		05E1508C1E93053F004D4FA5 /* Data Models */ = {
			isa = PBXGroup;
			children = (
				05E1508D1E93053F004D4FA5 /* FlickrViewer.xcdatamodeld */,
			);
			path = "Data Models";
			sourceTree = "<group>";
		};
		05E1508F1E93053F004D4FA5 /* Managers */ = {
			isa = PBXGroup;
			children = (
				05E150901E93053F004D4FA5 /* FLCoreDataManager.swift */,
				05E150911E93053F004D4FA5 /* FLCoreDataStack.swift */,
			);
			path = Managers;
			sourceTree = "<group>";
		};
		05E150921E93053F004D4FA5 /* User Defaults */ = {
			isa = PBXGroup;
			children = (
				05E150931E93053F004D4FA5 /* FLUserDefaultsManager.swift */,
			);
			path = "User Defaults";
			sourceTree = "<group>";
		};
		05E150961E93053F004D4FA5 /* Networking */ = {
			isa = PBXGroup;
			children = (
				05E150971E93053F004D4FA5 /* Managers */,
				05E150991E93053F004D4FA5 /* Models */,
			);
			path = Networking;
			sourceTree = "<group>";
		};
		05E150971E93053F004D4FA5 /* Managers */ = {
			isa = PBXGroup;
			children = (
				05E150981E93053F004D4FA5 /* FLPhotosManager.swift */,
			);
			path = Managers;
			sourceTree = "<group>";
		};
		05E150991E93053F004D4FA5 /* Models */ = {
			isa = PBXGroup;
			children = (
				05E1509A1E93053F004D4FA5 /* FLPhoto.swift */,
				05E1509B1E93053F004D4FA5 /* FLPhotosList.swift */,
				05E1509C1E93053F004D4FA5 /* FLPhotosResult.swift */,
			);
			path = Models;
			sourceTree = "<group>";
		};
		05E1509D1E93053F004D4FA5 /* UI */ = {
			isa = PBXGroup;
			children = (
				05E1509E1E93053F004D4FA5 /* View Configurations */,
				05E150A11E93053F004D4FA5 /* View Controllers */,
				05E150A41E93053F004D4FA5 /* Views */,
			);
			path = UI;
			sourceTree = "<group>";
		};
		05E1509E1E93053F004D4FA5 /* View Configurations */ = {
			isa = PBXGroup;
			children = (
				05E1509F1E93053F004D4FA5 /* FlickrPhotoTableViewCell+ConfigureForFLPhoto.swift */,
				05E150A01E93053F004D4FA5 /* UserPhotoTableViewCell+ConfigureForFLPhoto.swift */,
			);
			path = "View Configurations";
			sourceTree = "<group>";
		};
		05E150A11E93053F004D4FA5 /* View Controllers */ = {
			isa = PBXGroup;
			children = (
				05E150A21E93053F004D4FA5 /* HomeSearchTableViewController.swift */,
				05E150A31E93053F004D4FA5 /* UserPhotosTableViewController.swift */,
			);
			path = "View Controllers";
			sourceTree = "<group>";
		};
		05E150A41E93053F004D4FA5 /* Views */ = {
			isa = PBXGroup;
			children = (
				05E150A51E93053F004D4FA5 /* FlickrPhotoTableViewCell.swift */,
				05E150A61E93053F004D4FA5 /* UserPhotoTableViewCell.swift */,
			);
			path = Views;
			sourceTree = "<group>";
		};
		05E150C71E930606004D4FA5 /* FlickrViewerTests */ = {
			isa = PBXGroup;
			children = (
				05E150C81E930606004D4FA5 /* FlickrViewerTests.swift */,
				05E150CA1E930606004D4FA5 /* Info.plist */,
				05E150D01E930C63004D4FA5 /* FLUserDefaultsManagerTests.swift */,
			);
			path = FlickrViewerTests;
			sourceTree = "<group>";
		};
		405AB187B3CD6245B1CF0FFE /* Frameworks */ = {
			isa = PBXGroup;
			children = (
				54090C4033F6E0081A3DF749 /* Pods_FlickrViewer.framework */,
			);
			name = Frameworks;
			sourceTree = "<group>";
		};
		E1035FD740863D87D9A01AF9 /* Pods */ = {
			isa = PBXGroup;
			children = (
				87C22780605DE2DFD2A5FC2B /* Pods-FlickrViewer.debug.xcconfig */,
				C8F6623EE8D58BDA84FE03AA /* Pods-FlickrViewer.release.xcconfig */,
			);
			name = Pods;
			sourceTree = "<group>";
		};
/* End PBXGroup section */

/* Begin PBXNativeTarget section */
		057775031E8AFD23004C8C87 /* FlickrViewer */ = {
			isa = PBXNativeTarget;
			buildConfigurationList = 057775161E8AFD23004C8C87 /* Build configuration list for PBXNativeTarget "FlickrViewer" */;
			buildPhases = (
				E2AA6092F653943B2B3A535D /* [CP] Check Pods Manifest.lock */,
				057775001E8AFD23004C8C87 /* Sources */,
				057775011E8AFD23004C8C87 /* Frameworks */,
				057775021E8AFD23004C8C87 /* Resources */,
				F449F5547BE2C881574C8D2D /* [CP] Embed Pods Frameworks */,
				D1AAD4BCAB68F797818A43E4 /* [CP] Copy Pods Resources */,
			);
			buildRules = (
			);
			dependencies = (
			);
			name = FlickrViewer;
			productName = FlickrViewer;
			productReference = 057775041E8AFD23004C8C87 /* FlickrViewer.app */;
			productType = "com.apple.product-type.application";
		};
		05E150C51E930606004D4FA5 /* FlickrViewerTests */ = {
			isa = PBXNativeTarget;
			buildConfigurationList = 05E150CD1E930606004D4FA5 /* Build configuration list for PBXNativeTarget "FlickrViewerTests" */;
			buildPhases = (
				05E150C21E930606004D4FA5 /* Sources */,
				05E150C31E930606004D4FA5 /* Frameworks */,
				05E150C41E930606004D4FA5 /* Resources */,
			);
			buildRules = (
			);
			dependencies = (
				05E150CC1E930606004D4FA5 /* PBXTargetDependency */,
			);
			name = FlickrViewerTests;
			productName = FlickrViewerTests;
			productReference = 05E150C61E930606004D4FA5 /* FlickrViewerTests.xctest */;
			productType = "com.apple.product-type.bundle.unit-test";
		};
/* End PBXNativeTarget section */

/* Begin PBXProject section */
		057774FC1E8AFD23004C8C87 /* Project object */ = {
			isa = PBXProject;
			attributes = {
				LastSwiftUpdateCheck = 0820;
				LastUpgradeCheck = 0820;
				ORGANIZATIONNAME = orange;
				TargetAttributes = {
					057775031E8AFD23004C8C87 = {
						CreatedOnToolsVersion = 8.2.1;
						DevelopmentTeam = 9YADGBAVKT;
						ProvisioningStyle = Automatic;
					};
					05E150C51E930606004D4FA5 = {
						CreatedOnToolsVersion = 8.2.1;
						ProvisioningStyle = Automatic;
						TestTargetID = 057775031E8AFD23004C8C87;
					};
				};
			};
			buildConfigurationList = 057774FF1E8AFD23004C8C87 /* Build configuration list for PBXProject "FlickrViewer" */;
			compatibilityVersion = "Xcode 3.2";
			developmentRegion = English;
			hasScannedForEncodings = 0;
			knownRegions = (
				en,
				Base,
			);
			mainGroup = 057774FB1E8AFD23004C8C87;
			productRefGroup = 057775051E8AFD23004C8C87 /* Products */;
			projectDirPath = "";
			projectRoot = "";
			targets = (
				057775031E8AFD23004C8C87 /* FlickrViewer */,
				05E150C51E930606004D4FA5 /* FlickrViewerTests */,
			);
		};
/* End PBXProject section */

/* Begin PBXResourcesBuildPhase section */
		057775021E8AFD23004C8C87 /* Resources */ = {
			isa = PBXResourcesBuildPhase;
			buildActionMask = 2147483647;
			files = (
				05E150AA1E93053F004D4FA5 /* Main.storyboard in Resources */,
				05E150A91E93053F004D4FA5 /* Assets.xcassets in Resources */,
				05E150B71E93053F004D4FA5 /* LaunchScreen.storyboard in Resources */,
				0521CCE61E8F991E00322943 /* Default-568h@2x.png in Resources */,
			);
			runOnlyForDeploymentPostprocessing = 0;
		};
		05E150C41E930606004D4FA5 /* Resources */ = {
			isa = PBXResourcesBuildPhase;
			buildActionMask = 2147483647;
			files = (
			);
			runOnlyForDeploymentPostprocessing = 0;
		};
/* End PBXResourcesBuildPhase section */

/* Begin PBXShellScriptBuildPhase section */
		D1AAD4BCAB68F797818A43E4 /* [CP] Copy Pods Resources */ = {
			isa = PBXShellScriptBuildPhase;
			buildActionMask = 2147483647;
			files = (
			);
			inputPaths = (
			);
			name = "[CP] Copy Pods Resources";
			outputPaths = (
			);
			runOnlyForDeploymentPostprocessing = 0;
			shellPath = /bin/sh;
			shellScript = "\"${SRCROOT}/Pods/Target Support Files/Pods-FlickrViewer/Pods-FlickrViewer-resources.sh\"\n";
			showEnvVarsInLog = 0;
		};
		E2AA6092F653943B2B3A535D /* [CP] Check Pods Manifest.lock */ = {
			isa = PBXShellScriptBuildPhase;
			buildActionMask = 2147483647;
			files = (
			);
			inputPaths = (
			);
			name = "[CP] Check Pods Manifest.lock";
			outputPaths = (
			);
			runOnlyForDeploymentPostprocessing = 0;
			shellPath = /bin/sh;
			shellScript = "diff \"${PODS_ROOT}/../Podfile.lock\" \"${PODS_ROOT}/Manifest.lock\" > /dev/null\nif [ $? != 0 ] ; then\n    # print error to STDERR\n    echo \"error: The sandbox is not in sync with the Podfile.lock. Run 'pod install' or update your CocoaPods installation.\" >&2\n    exit 1\nfi\n";
			showEnvVarsInLog = 0;
		};
		F449F5547BE2C881574C8D2D /* [CP] Embed Pods Frameworks */ = {
			isa = PBXShellScriptBuildPhase;
			buildActionMask = 2147483647;
			files = (
			);
			inputPaths = (
			);
			name = "[CP] Embed Pods Frameworks";
			outputPaths = (
			);
			runOnlyForDeploymentPostprocessing = 0;
			shellPath = /bin/sh;
			shellScript = "\"${SRCROOT}/Pods/Target Support Files/Pods-FlickrViewer/Pods-FlickrViewer-frameworks.sh\"\n";
			showEnvVarsInLog = 0;
		};
/* End PBXShellScriptBuildPhase section */

/* Begin PBXSourcesBuildPhase section */
		057775001E8AFD23004C8C87 /* Sources */ = {
			isa = PBXSourcesBuildPhase;
			buildActionMask = 2147483647;
			files = (
				05E150B41E93053F004D4FA5 /* FLCoreDataStack.swift in Sources */,
				05E150A81E93053F004D4FA5 /* AppDelegate.swift in Sources */,
				05E150BA1E93053F004D4FA5 /* FLPhotosList.swift in Sources */,
				05E150BE1E93053F004D4FA5 /* HomeSearchTableViewController.swift in Sources */,
				05E150AD1E93053F004D4FA5 /* String+PercentEncoding.swift in Sources */,
				05E150B31E93053F004D4FA5 /* FLCoreDataManager.swift in Sources */,
				05E150BD1E93053F004D4FA5 /* UserPhotoTableViewCell+ConfigureForFLPhoto.swift in Sources */,
				05E150AB1E93053F004D4FA5 /* Dictionary+HTTPParameters.swift in Sources */,
				05E150AE1E93053F004D4FA5 /* UIAlertController+NetworkingErrors.swift in Sources */,
				05E150C11E93053F004D4FA5 /* UserPhotoTableViewCell.swift in Sources */,
				05E150B51E93053F004D4FA5 /* FLUserDefaultsManager.swift in Sources */,
				05E150BC1E93053F004D4FA5 /* FlickrPhotoTableViewCell+ConfigureForFLPhoto.swift in Sources */,
				05E150C01E93053F004D4FA5 /* FlickrPhotoTableViewCell.swift in Sources */,
				05E150AF1E93053F004D4FA5 /* UISearchBar+TextColor.swift in Sources */,
				05E150B11E93053F004D4FA5 /* UITableViewController+SetTitle.swift in Sources */,
				05E150BF1E93053F004D4FA5 /* UserPhotosTableViewController.swift in Sources */,
				05E150B21E93053F004D4FA5 /* FlickrViewer.xcdatamodeld in Sources */,
				05E150B91E93053F004D4FA5 /* FLPhoto.swift in Sources */,
				05E150B81E93053F004D4FA5 /* FLPhotosManager.swift in Sources */,
				05E150BB1E93053F004D4FA5 /* FLPhotosResult.swift in Sources */,
				05E150AC1E93053F004D4FA5 /* FLPhoto+URLForPhoto.swift in Sources */,
				05E150B01E93053F004D4FA5 /* UITableViewCell+PrepareAccessory.swift in Sources */,
			);
			runOnlyForDeploymentPostprocessing = 0;
		};
		05E150C21E930606004D4FA5 /* Sources */ = {
			isa = PBXSourcesBuildPhase;
			buildActionMask = 2147483647;
			files = (
				05E150D11E930C63004D4FA5 /* FLUserDefaultsManagerTests.swift in Sources */,
				05E150C91E930606004D4FA5 /* FlickrViewerTests.swift in Sources */,
			);
			runOnlyForDeploymentPostprocessing = 0;
		};
/* End PBXSourcesBuildPhase section */

/* Begin PBXTargetDependency section */
		05E150CC1E930606004D4FA5 /* PBXTargetDependency */ = {
			isa = PBXTargetDependency;
			target = 057775031E8AFD23004C8C87 /* FlickrViewer */;
			targetProxy = 05E150CB1E930606004D4FA5 /* PBXContainerItemProxy */;
		};
/* End PBXTargetDependency section */

/* Begin PBXVariantGroup section */
		05E150801E93053F004D4FA5 /* Main.storyboard */ = {
			isa = PBXVariantGroup;
			children = (
				05E150811E93053F004D4FA5 /* Base */,
			);
			name = Main.storyboard;
			sourceTree = "<group>";
		};
/* End PBXVariantGroup section */

/* Begin XCBuildConfiguration section */
		057775141E8AFD23004C8C87 /* Debug */ = {
			isa = XCBuildConfiguration;
			buildSettings = {
				ALWAYS_SEARCH_USER_PATHS = NO;
				CLANG_ANALYZER_NONNULL = YES;
				CLANG_CXX_LANGUAGE_STANDARD = "gnu++0x";
				CLANG_CXX_LIBRARY = "libc++";
				CLANG_ENABLE_MODULES = YES;
				CLANG_ENABLE_OBJC_ARC = YES;
				CLANG_WARN_BOOL_CONVERSION = YES;
				CLANG_WARN_CONSTANT_CONVERSION = YES;
				CLANG_WARN_DIRECT_OBJC_ISA_USAGE = YES_ERROR;
				CLANG_WARN_DOCUMENTATION_COMMENTS = YES;
				CLANG_WARN_EMPTY_BODY = YES;
				CLANG_WARN_ENUM_CONVERSION = YES;
				CLANG_WARN_INFINITE_RECURSION = YES;
				CLANG_WARN_INT_CONVERSION = YES;
				CLANG_WARN_OBJC_ROOT_CLASS = YES_ERROR;
				CLANG_WARN_SUSPICIOUS_MOVE = YES;
				CLANG_WARN_UNREACHABLE_CODE = YES;
				CLANG_WARN__DUPLICATE_METHOD_MATCH = YES;
				"CODE_SIGN_IDENTITY[sdk=iphoneos*]" = "iPhone Developer";
				COPY_PHASE_STRIP = NO;
				DEBUG_INFORMATION_FORMAT = dwarf;
				ENABLE_STRICT_OBJC_MSGSEND = YES;
				ENABLE_TESTABILITY = YES;
				GCC_C_LANGUAGE_STANDARD = gnu99;
				GCC_DYNAMIC_NO_PIC = NO;
				GCC_NO_COMMON_BLOCKS = YES;
				GCC_OPTIMIZATION_LEVEL = 0;
				GCC_PREPROCESSOR_DEFINITIONS = (
					"DEBUG=1",
					"$(inherited)",
				);
				GCC_WARN_64_TO_32_BIT_CONVERSION = YES;
				GCC_WARN_ABOUT_RETURN_TYPE = YES_ERROR;
				GCC_WARN_UNDECLARED_SELECTOR = YES;
				GCC_WARN_UNINITIALIZED_AUTOS = YES_AGGRESSIVE;
				GCC_WARN_UNUSED_FUNCTION = YES;
				GCC_WARN_UNUSED_VARIABLE = YES;
				IPHONEOS_DEPLOYMENT_TARGET = 9.0;
				MTL_ENABLE_DEBUG_INFO = YES;
				ONLY_ACTIVE_ARCH = YES;
				SDKROOT = iphoneos;
				SWIFT_ACTIVE_COMPILATION_CONDITIONS = DEBUG;
				SWIFT_OPTIMIZATION_LEVEL = "-Onone";
				TARGETED_DEVICE_FAMILY = "1,2";
			};
			name = Debug;
		};
		057775151E8AFD23004C8C87 /* Release */ = {
			isa = XCBuildConfiguration;
			buildSettings = {
				ALWAYS_SEARCH_USER_PATHS = NO;
				CLANG_ANALYZER_NONNULL = YES;
				CLANG_CXX_LANGUAGE_STANDARD = "gnu++0x";
				CLANG_CXX_LIBRARY = "libc++";
				CLANG_ENABLE_MODULES = YES;
				CLANG_ENABLE_OBJC_ARC = YES;
				CLANG_WARN_BOOL_CONVERSION = YES;
				CLANG_WARN_CONSTANT_CONVERSION = YES;
				CLANG_WARN_DIRECT_OBJC_ISA_USAGE = YES_ERROR;
				CLANG_WARN_DOCUMENTATION_COMMENTS = YES;
				CLANG_WARN_EMPTY_BODY = YES;
				CLANG_WARN_ENUM_CONVERSION = YES;
				CLANG_WARN_INFINITE_RECURSION = YES;
				CLANG_WARN_INT_CONVERSION = YES;
				CLANG_WARN_OBJC_ROOT_CLASS = YES_ERROR;
				CLANG_WARN_SUSPICIOUS_MOVE = YES;
				CLANG_WARN_UNREACHABLE_CODE = YES;
				CLANG_WARN__DUPLICATE_METHOD_MATCH = YES;
				"CODE_SIGN_IDENTITY[sdk=iphoneos*]" = "iPhone Developer";
				COPY_PHASE_STRIP = NO;
				DEBUG_INFORMATION_FORMAT = "dwarf-with-dsym";
				ENABLE_NS_ASSERTIONS = NO;
				ENABLE_STRICT_OBJC_MSGSEND = YES;
				GCC_C_LANGUAGE_STANDARD = gnu99;
				GCC_NO_COMMON_BLOCKS = YES;
				GCC_WARN_64_TO_32_BIT_CONVERSION = YES;
				GCC_WARN_ABOUT_RETURN_TYPE = YES_ERROR;
				GCC_WARN_UNDECLARED_SELECTOR = YES;
				GCC_WARN_UNINITIALIZED_AUTOS = YES_AGGRESSIVE;
				GCC_WARN_UNUSED_FUNCTION = YES;
				GCC_WARN_UNUSED_VARIABLE = YES;
				IPHONEOS_DEPLOYMENT_TARGET = 9.0;
				MTL_ENABLE_DEBUG_INFO = NO;
				SDKROOT = iphoneos;
				SWIFT_OPTIMIZATION_LEVEL = "-Owholemodule";
				TARGETED_DEVICE_FAMILY = "1,2";
				VALIDATE_PRODUCT = YES;
			};
			name = Release;
		};
		057775171E8AFD23004C8C87 /* Debug */ = {
			isa = XCBuildConfiguration;
			baseConfigurationReference = 87C22780605DE2DFD2A5FC2B /* Pods-FlickrViewer.debug.xcconfig */;
			buildSettings = {
				ALWAYS_EMBED_SWIFT_STANDARD_LIBRARIES = YES;
				ASSETCATALOG_COMPILER_APPICON_NAME = AppIcon;
				DEVELOPMENT_TEAM = 9YADGBAVKT;
				INFOPLIST_FILE = FlickrViewer/Info.plist;
				LD_RUNPATH_SEARCH_PATHS = "$(inherited) @executable_path/Frameworks";
				PRODUCT_BUNDLE_IDENTIFIER = com.orange.FlickrViewer;
				PRODUCT_NAME = "$(TARGET_NAME)";
				SWIFT_VERSION = 3.0;
			};
			name = Debug;
		};
		057775181E8AFD23004C8C87 /* Release */ = {
			isa = XCBuildConfiguration;
			baseConfigurationReference = C8F6623EE8D58BDA84FE03AA /* Pods-FlickrViewer.release.xcconfig */;
			buildSettings = {
				ALWAYS_EMBED_SWIFT_STANDARD_LIBRARIES = YES;
				ASSETCATALOG_COMPILER_APPICON_NAME = AppIcon;
				DEVELOPMENT_TEAM = 9YADGBAVKT;
				INFOPLIST_FILE = FlickrViewer/Info.plist;
				LD_RUNPATH_SEARCH_PATHS = "$(inherited) @executable_path/Frameworks";
				PRODUCT_BUNDLE_IDENTIFIER = com.orange.FlickrViewer;
				PRODUCT_NAME = "$(TARGET_NAME)";
				SWIFT_VERSION = 3.0;
			};
			name = Release;
		};
		05E150CE1E930606004D4FA5 /* Debug */ = {
			isa = XCBuildConfiguration;
			buildSettings = {
				BUNDLE_LOADER = "$(TEST_HOST)";
				INFOPLIST_FILE = FlickrViewerTests/Info.plist;
				IPHONEOS_DEPLOYMENT_TARGET = 10.2;
				LD_RUNPATH_SEARCH_PATHS = "$(inherited) @executable_path/Frameworks @loader_path/Frameworks";
				PRODUCT_BUNDLE_IDENTIFIER = com.orange.FlickrViewerTests;
				PRODUCT_NAME = "$(TARGET_NAME)";
				SWIFT_VERSION = 3.0;
				TEST_HOST = "$(BUILT_PRODUCTS_DIR)/FlickrViewer.app/FlickrViewer";
			};
			name = Debug;
		};
		05E150CF1E930606004D4FA5 /* Release */ = {
			isa = XCBuildConfiguration;
			buildSettings = {
				BUNDLE_LOADER = "$(TEST_HOST)";
				INFOPLIST_FILE = FlickrViewerTests/Info.plist;
				IPHONEOS_DEPLOYMENT_TARGET = 10.2;
				LD_RUNPATH_SEARCH_PATHS = "$(inherited) @executable_path/Frameworks @loader_path/Frameworks";
				PRODUCT_BUNDLE_IDENTIFIER = com.orange.FlickrViewerTests;
				PRODUCT_NAME = "$(TARGET_NAME)";
				SWIFT_VERSION = 3.0;
				TEST_HOST = "$(BUILT_PRODUCTS_DIR)/FlickrViewer.app/FlickrViewer";
			};
			name = Release;
		};
/* End XCBuildConfiguration section */

/* Begin XCConfigurationList section */
		057774FF1E8AFD23004C8C87 /* Build configuration list for PBXProject "FlickrViewer" */ = {
			isa = XCConfigurationList;
			buildConfigurations = (
				057775141E8AFD23004C8C87 /* Debug */,
				057775151E8AFD23004C8C87 /* Release */,
			);
			defaultConfigurationIsVisible = 0;
			defaultConfigurationName = Release;
		};
		057775161E8AFD23004C8C87 /* Build configuration list for PBXNativeTarget "FlickrViewer" */ = {
			isa = XCConfigurationList;
			buildConfigurations = (
				057775171E8AFD23004C8C87 /* Debug */,
				057775181E8AFD23004C8C87 /* Release */,
			);
			defaultConfigurationIsVisible = 0;
			defaultConfigurationName = Release;
		};
		05E150CD1E930606004D4FA5 /* Build configuration list for PBXNativeTarget "FlickrViewerTests" */ = {
			isa = XCConfigurationList;
			buildConfigurations = (
				05E150CE1E930606004D4FA5 /* Debug */,
				05E150CF1E930606004D4FA5 /* Release */,
			);
			defaultConfigurationIsVisible = 0;
			defaultConfigurationName = Release;
		};
/* End XCConfigurationList section */

/* Begin XCVersionGroup section */
		05E1508D1E93053F004D4FA5 /* FlickrViewer.xcdatamodeld */ = {
			isa = XCVersionGroup;
			children = (
				05E1508E1E93053F004D4FA5 /* FlickrViewer.xcdatamodel */,
			);
			currentVersion = 05E1508E1E93053F004D4FA5 /* FlickrViewer.xcdatamodel */;
			path = FlickrViewer.xcdatamodeld;
			sourceTree = "<group>";
			versionGroupType = wrapper.xcdatamodel;
		};
/* End XCVersionGroup section */
	};
	rootObject = 057774FC1E8AFD23004C8C87 /* Project object */;
}
